// !$*UTF8*$!
{
	archiveVersion = 1;
	classes = {
	};
	objectVersion = 56;
	objects = {

/* Begin PBXBuildFile section */
		DE0808DA2918D5DE004A1445 /* AppDelegate.swift in Sources */ = {isa = PBXBuildFile; fileRef = DE0808D92918D5DE004A1445 /* AppDelegate.swift */; };
		DE0808DC2918D5DE004A1445 /* SceneDelegate.swift in Sources */ = {isa = PBXBuildFile; fileRef = DE0808DB2918D5DE004A1445 /* SceneDelegate.swift */; };
		DE0808DE2918D5DE004A1445 /* ViewController.swift in Sources */ = {isa = PBXBuildFile; fileRef = DE0808DD2918D5DE004A1445 /* ViewController.swift */; };
		DE0808E12918D5DE004A1445 /* Main.storyboard in Resources */ = {isa = PBXBuildFile; fileRef = DE0808DF2918D5DE004A1445 /* Main.storyboard */; };
		DE0808E32918D5E0004A1445 /* Assets.xcassets in Resources */ = {isa = PBXBuildFile; fileRef = DE0808E22918D5E0004A1445 /* Assets.xcassets */; };
		DE0808E62918D5E0004A1445 /* LaunchScreen.storyboard in Resources */ = {isa = PBXBuildFile; fileRef = DE0808E42918D5E0004A1445 /* LaunchScreen.storyboard */; };
		DE0808F12918D63D004A1445 /* Constants.swift in Sources */ = {isa = PBXBuildFile; fileRef = DE0808F02918D63D004A1445 /* Constants.swift */; };
		DE0808FD2918E332004A1445 /* .gitignore in Resources */ = {isa = PBXBuildFile; fileRef = DE0808FC2918E332004A1445 /* .gitignore */; };
/* End PBXBuildFile section */

/* Begin PBXFileReference section */
		DE0808D62918D5DE004A1445 /* SeSAC SLP.app */ = {isa = PBXFileReference; explicitFileType = wrapper.application; includeInIndex = 0; path = "SeSAC SLP.app"; sourceTree = BUILT_PRODUCTS_DIR; };
		DE0808D92918D5DE004A1445 /* AppDelegate.swift */ = {isa = PBXFileReference; lastKnownFileType = sourcecode.swift; path = AppDelegate.swift; sourceTree = "<group>"; };
		DE0808DB2918D5DE004A1445 /* SceneDelegate.swift */ = {isa = PBXFileReference; lastKnownFileType = sourcecode.swift; path = SceneDelegate.swift; sourceTree = "<group>"; };
		DE0808DD2918D5DE004A1445 /* ViewController.swift */ = {isa = PBXFileReference; lastKnownFileType = sourcecode.swift; path = ViewController.swift; sourceTree = "<group>"; };
		DE0808E02918D5DE004A1445 /* Base */ = {isa = PBXFileReference; lastKnownFileType = file.storyboard; name = Base; path = Base.lproj/Main.storyboard; sourceTree = "<group>"; };
		DE0808E22918D5E0004A1445 /* Assets.xcassets */ = {isa = PBXFileReference; lastKnownFileType = folder.assetcatalog; path = Assets.xcassets; sourceTree = "<group>"; };
		DE0808E52918D5E0004A1445 /* Base */ = {isa = PBXFileReference; lastKnownFileType = file.storyboard; name = Base; path = Base.lproj/LaunchScreen.storyboard; sourceTree = "<group>"; };
		DE0808E72918D5E0004A1445 /* Info.plist */ = {isa = PBXFileReference; lastKnownFileType = text.plist.xml; path = Info.plist; sourceTree = "<group>"; };
		DE0808F02918D63D004A1445 /* Constants.swift */ = {isa = PBXFileReference; lastKnownFileType = sourcecode.swift; path = Constants.swift; sourceTree = "<group>"; };
		DE0808F22918D8A8004A1445 /* NotoSansKR-Black.otf */ = {isa = PBXFileReference; lastKnownFileType = file; path = "NotoSansKR-Black.otf"; sourceTree = "<group>"; };
		DE0808F32918D8A8004A1445 /* NotoSansKR-Light.otf */ = {isa = PBXFileReference; lastKnownFileType = file; path = "NotoSansKR-Light.otf"; sourceTree = "<group>"; };
		DE0808F42918D8A8004A1445 /* NotoSansKR-Thin.otf */ = {isa = PBXFileReference; lastKnownFileType = file; path = "NotoSansKR-Thin.otf"; sourceTree = "<group>"; };
		DE0808F52918D8A8004A1445 /* NotoSansKR-Regular.otf */ = {isa = PBXFileReference; lastKnownFileType = file; path = "NotoSansKR-Regular.otf"; sourceTree = "<group>"; };
		DE0808F62918D8A8004A1445 /* NotoSansKR-Medium.otf */ = {isa = PBXFileReference; lastKnownFileType = file; path = "NotoSansKR-Medium.otf"; sourceTree = "<group>"; };
		DE0808F72918D8A8004A1445 /* NotoSansKR-Bold.otf */ = {isa = PBXFileReference; lastKnownFileType = file; path = "NotoSansKR-Bold.otf"; sourceTree = "<group>"; };
		DE0808FC2918E332004A1445 /* .gitignore */ = {isa = PBXFileReference; lastKnownFileType = text; path = .gitignore; sourceTree = "<group>"; };
/* End PBXFileReference section */

/* Begin PBXFrameworksBuildPhase section */
		DE0808D32918D5DE004A1445 /* Frameworks */ = {
			isa = PBXFrameworksBuildPhase;
			buildActionMask = 2147483647;
			files = (
			);
			runOnlyForDeploymentPostprocessing = 0;
		};
/* End PBXFrameworksBuildPhase section */

/* Begin PBXGroup section */
		DE0808CD2918D5DE004A1445 = {
			isa = PBXGroup;
			children = (
				DE0808FC2918E332004A1445 /* .gitignore */,
				DE0808D82918D5DE004A1445 /* SeSAC SLP */,
				DE0808D72918D5DE004A1445 /* Products */,
			);
			sourceTree = "<group>";
		};
		DE0808D72918D5DE004A1445 /* Products */ = {
			isa = PBXGroup;
			children = (
				DE0808D62918D5DE004A1445 /* SeSAC SLP.app */,
			);
			name = Products;
			sourceTree = "<group>";
		};
		DE0808D82918D5DE004A1445 /* SeSAC SLP */ = {
			isa = PBXGroup;
			children = (
				DE0808F82918D8B9004A1445 /* Resources */,
				DE0808ED2918D5FD004A1445 /* Constants */,
				DE0808D92918D5DE004A1445 /* AppDelegate.swift */,
				DE0808DB2918D5DE004A1445 /* SceneDelegate.swift */,
				DE0808DD2918D5DE004A1445 /* ViewController.swift */,
				DE0808DF2918D5DE004A1445 /* Main.storyboard */,
				DE0808E22918D5E0004A1445 /* Assets.xcassets */,
				DE0808E42918D5E0004A1445 /* LaunchScreen.storyboard */,
				DE0808E72918D5E0004A1445 /* Info.plist */,
			);
			path = "SeSAC SLP";
			sourceTree = "<group>";
		};
		DE0808ED2918D5FD004A1445 /* Constants */ = {
			isa = PBXGroup;
			children = (
				DE0808F02918D63D004A1445 /* Constants.swift */,
			);
			path = Constants;
			sourceTree = "<group>";
		};
		DE0808F82918D8B9004A1445 /* Resources */ = {
			isa = PBXGroup;
			children = (
				DE0808F22918D8A8004A1445 /* NotoSansKR-Black.otf */,
				DE0808F72918D8A8004A1445 /* NotoSansKR-Bold.otf */,
				DE0808F32918D8A8004A1445 /* NotoSansKR-Light.otf */,
				DE0808F62918D8A8004A1445 /* NotoSansKR-Medium.otf */,
				DE0808F52918D8A8004A1445 /* NotoSansKR-Regular.otf */,
				DE0808F42918D8A8004A1445 /* NotoSansKR-Thin.otf */,
			);
			path = Resources;
			sourceTree = "<group>";
		};
/* End PBXGroup section */

/* Begin PBXNativeTarget section */
		DE0808D52918D5DE004A1445 /* SeSAC SLP */ = {
			isa = PBXNativeTarget;
			buildConfigurationList = DE0808EA2918D5E0004A1445 /* Build configuration list for PBXNativeTarget "SeSAC SLP" */;
			buildPhases = (
				DE0808D22918D5DE004A1445 /* Sources */,
				DE0808D32918D5DE004A1445 /* Frameworks */,
				DE0808D42918D5DE004A1445 /* Resources */,
			);
			buildRules = (
			);
			dependencies = (
			);
			name = "SeSAC SLP";
			productName = "SeSAC SLP";
			productReference = DE0808D62918D5DE004A1445 /* SeSAC SLP.app */;
			productType = "com.apple.product-type.application";
		};
/* End PBXNativeTarget section */

/* Begin PBXProject section */
		DE0808CE2918D5DE004A1445 /* Project object */ = {
			isa = PBXProject;
			attributes = {
				BuildIndependentTargetsInParallel = 1;
				LastSwiftUpdateCheck = 1410;
				LastUpgradeCheck = 1410;
				TargetAttributes = {
					DE0808D52918D5DE004A1445 = {
						CreatedOnToolsVersion = 14.1;
					};
				};
			};
			buildConfigurationList = DE0808D12918D5DE004A1445 /* Build configuration list for PBXProject "SeSAC SLP" */;
			compatibilityVersion = "Xcode 14.0";
			developmentRegion = en;
			hasScannedForEncodings = 0;
			knownRegions = (
				en,
				Base,
			);
			mainGroup = DE0808CD2918D5DE004A1445;
			productRefGroup = DE0808D72918D5DE004A1445 /* Products */;
			projectDirPath = "";
			projectRoot = "";
			targets = (
				DE0808D52918D5DE004A1445 /* SeSAC SLP */,
			);
		};
/* End PBXProject section */

/* Begin PBXResourcesBuildPhase section */
		DE0808D42918D5DE004A1445 /* Resources */ = {
			isa = PBXResourcesBuildPhase;
			buildActionMask = 2147483647;
			files = (
				DE0808FD2918E332004A1445 /* .gitignore in Resources */,
				DE0808E62918D5E0004A1445 /* LaunchScreen.storyboard in Resources */,
				DE0808E32918D5E0004A1445 /* Assets.xcassets in Resources */,
				DE0808E12918D5DE004A1445 /* Main.storyboard in Resources */,
			);
			runOnlyForDeploymentPostprocessing = 0;
		};
/* End PBXResourcesBuildPhase section */

/* Begin PBXSourcesBuildPhase section */
		DE0808D22918D5DE004A1445 /* Sources */ = {
			isa = PBXSourcesBuildPhase;
			buildActionMask = 2147483647;
			files = (
				DE0808DE2918D5DE004A1445 /* ViewController.swift in Sources */,
				DE0808DA2918D5DE004A1445 /* AppDelegate.swift in Sources */,
				DE0808DC2918D5DE004A1445 /* SceneDelegate.swift in Sources */,
				DE0808F12918D63D004A1445 /* Constants.swift in Sources */,
			);
			runOnlyForDeploymentPostprocessing = 0;
		};
/* End PBXSourcesBuildPhase section */

/* Begin PBXVariantGroup section */
		DE0808DF2918D5DE004A1445 /* Main.storyboard */ = {
			isa = PBXVariantGroup;
			children = (
				DE0808E02918D5DE004A1445 /* Base */,
			);
			name = Main.storyboard;
			sourceTree = "<group>";
		};
		DE0808E42918D5E0004A1445 /* LaunchScreen.storyboard */ = {
			isa = PBXVariantGroup;
			children = (
				DE0808E52918D5E0004A1445 /* Base */,
			);
			name = LaunchScreen.storyboard;
			sourceTree = "<group>";
		};
/* End PBXVariantGroup section */

/* Begin XCBuildConfiguration section */
		DE0808E82918D5E0004A1445 /* Debug */ = {
			isa = XCBuildConfiguration;
			buildSettings = {
				ALWAYS_SEARCH_USER_PATHS = NO;
				CLANG_ANALYZER_NONNULL = YES;
				CLANG_ANALYZER_NUMBER_OBJECT_CONVERSION = YES_AGGRESSIVE;
				CLANG_CXX_LANGUAGE_STANDARD = "gnu++20";
				CLANG_ENABLE_MODULES = YES;
				CLANG_ENABLE_OBJC_ARC = YES;
				CLANG_ENABLE_OBJC_WEAK = YES;
				CLANG_WARN_BLOCK_CAPTURE_AUTORELEASING = YES;
				CLANG_WARN_BOOL_CONVERSION = YES;
				CLANG_WARN_COMMA = YES;
				CLANG_WARN_CONSTANT_CONVERSION = YES;
				CLANG_WARN_DEPRECATED_OBJC_IMPLEMENTATIONS = YES;
				CLANG_WARN_DIRECT_OBJC_ISA_USAGE = YES_ERROR;
				CLANG_WARN_DOCUMENTATION_COMMENTS = YES;
				CLANG_WARN_EMPTY_BODY = YES;
				CLANG_WARN_ENUM_CONVERSION = YES;
				CLANG_WARN_INFINITE_RECURSION = YES;
				CLANG_WARN_INT_CONVERSION = YES;
				CLANG_WARN_NON_LITERAL_NULL_CONVERSION = YES;
				CLANG_WARN_OBJC_IMPLICIT_RETAIN_SELF = YES;
				CLANG_WARN_OBJC_LITERAL_CONVERSION = YES;
				CLANG_WARN_OBJC_ROOT_CLASS = YES_ERROR;
				CLANG_WARN_QUOTED_INCLUDE_IN_FRAMEWORK_HEADER = YES;
				CLANG_WARN_RANGE_LOOP_ANALYSIS = YES;
				CLANG_WARN_STRICT_PROTOTYPES = YES;
				CLANG_WARN_SUSPICIOUS_MOVE = YES;
				CLANG_WARN_UNGUARDED_AVAILABILITY = YES_AGGRESSIVE;
				CLANG_WARN_UNREACHABLE_CODE = YES;
				CLANG_WARN__DUPLICATE_METHOD_MATCH = YES;
				COPY_PHASE_STRIP = NO;
				DEBUG_INFORMATION_FORMAT = dwarf;
				ENABLE_STRICT_OBJC_MSGSEND = YES;
				ENABLE_TESTABILITY = YES;
				GCC_C_LANGUAGE_STANDARD = gnu11;
				GCC_DYNAMIC_NO_PIC = NO;
				GCC_NO_COMMON_BLOCKS = YES;
				GCC_OPTIMIZATION_LEVEL = 0;
				GCC_PREPROCESSOR_DEFINITIONS = (
					"DEBUG=1",
					"$(inherited)",
				);
				GCC_WARN_64_TO_32_BIT_CONVERSION = YES;
				GCC_WARN_ABOUT_RETURN_TYPE = YES_ERROR;
				GCC_WARN_UNDECLARED_SELECTOR = YES;
				GCC_WARN_UNINITIALIZED_AUTOS = YES_AGGRESSIVE;
				GCC_WARN_UNUSED_FUNCTION = YES;
				GCC_WARN_UNUSED_VARIABLE = YES;
				IPHONEOS_DEPLOYMENT_TARGET = 16.1;
				MTL_ENABLE_DEBUG_INFO = INCLUDE_SOURCE;
				MTL_FAST_MATH = YES;
				ONLY_ACTIVE_ARCH = YES;
				SDKROOT = iphoneos;
				SWIFT_ACTIVE_COMPILATION_CONDITIONS = DEBUG;
				SWIFT_OPTIMIZATION_LEVEL = "-Onone";
			};
			name = Debug;
		};
		DE0808E92918D5E0004A1445 /* Release */ = {
			isa = XCBuildConfiguration;
			buildSettings = {
				ALWAYS_SEARCH_USER_PATHS = NO;
				CLANG_ANALYZER_NONNULL = YES;
				CLANG_ANALYZER_NUMBER_OBJECT_CONVERSION = YES_AGGRESSIVE;
				CLANG_CXX_LANGUAGE_STANDARD = "gnu++20";
				CLANG_ENABLE_MODULES = YES;
				CLANG_ENABLE_OBJC_ARC = YES;
				CLANG_ENABLE_OBJC_WEAK = YES;
				CLANG_WARN_BLOCK_CAPTURE_AUTORELEASING = YES;
				CLANG_WARN_BOOL_CONVERSION = YES;
				CLANG_WARN_COMMA = YES;
				CLANG_WARN_CONSTANT_CONVERSION = YES;
				CLANG_WARN_DEPRECATED_OBJC_IMPLEMENTATIONS = YES;
				CLANG_WARN_DIRECT_OBJC_ISA_USAGE = YES_ERROR;
				CLANG_WARN_DOCUMENTATION_COMMENTS = YES;
				CLANG_WARN_EMPTY_BODY = YES;
				CLANG_WARN_ENUM_CONVERSION = YES;
				CLANG_WARN_INFINITE_RECURSION = YES;
				CLANG_WARN_INT_CONVERSION = YES;
				CLANG_WARN_NON_LITERAL_NULL_CONVERSION = YES;
				CLANG_WARN_OBJC_IMPLICIT_RETAIN_SELF = YES;
				CLANG_WARN_OBJC_LITERAL_CONVERSION = YES;
				CLANG_WARN_OBJC_ROOT_CLASS = YES_ERROR;
				CLANG_WARN_QUOTED_INCLUDE_IN_FRAMEWORK_HEADER = YES;
				CLANG_WARN_RANGE_LOOP_ANALYSIS = YES;
				CLANG_WARN_STRICT_PROTOTYPES = YES;
				CLANG_WARN_SUSPICIOUS_MOVE = YES;
				CLANG_WARN_UNGUARDED_AVAILABILITY = YES_AGGRESSIVE;
				CLANG_WARN_UNREACHABLE_CODE = YES;
				CLANG_WARN__DUPLICATE_METHOD_MATCH = YES;
				COPY_PHASE_STRIP = NO;
				DEBUG_INFORMATION_FORMAT = "dwarf-with-dsym";
				ENABLE_NS_ASSERTIONS = NO;
				ENABLE_STRICT_OBJC_MSGSEND = YES;
				GCC_C_LANGUAGE_STANDARD = gnu11;
				GCC_NO_COMMON_BLOCKS = YES;
				GCC_WARN_64_TO_32_BIT_CONVERSION = YES;
				GCC_WARN_ABOUT_RETURN_TYPE = YES_ERROR;
				GCC_WARN_UNDECLARED_SELECTOR = YES;
				GCC_WARN_UNINITIALIZED_AUTOS = YES_AGGRESSIVE;
				GCC_WARN_UNUSED_FUNCTION = YES;
				GCC_WARN_UNUSED_VARIABLE = YES;
				IPHONEOS_DEPLOYMENT_TARGET = 16.1;
				MTL_ENABLE_DEBUG_INFO = NO;
				MTL_FAST_MATH = YES;
				SDKROOT = iphoneos;
				SWIFT_COMPILATION_MODE = wholemodule;
				SWIFT_OPTIMIZATION_LEVEL = "-O";
				VALIDATE_PRODUCT = YES;
			};
			name = Release;
		};
		DE0808EB2918D5E0004A1445 /* Debug */ = {
			isa = XCBuildConfiguration;
			buildSettings = {
				ASSETCATALOG_COMPILER_APPICON_NAME = AppIcon;
				ASSETCATALOG_COMPILER_GLOBAL_ACCENT_COLOR_NAME = AccentColor;
				CODE_SIGN_STYLE = Automatic;
				CURRENT_PROJECT_VERSION = 1;
				DEVELOPMENT_TEAM = DV7XBU83N5;
				GENERATE_INFOPLIST_FILE = YES;
				INFOPLIST_FILE = "SeSAC SLP/Info.plist";
				INFOPLIST_KEY_UIApplicationSupportsIndirectInputEvents = YES;
				INFOPLIST_KEY_UILaunchStoryboardName = LaunchScreen;
				INFOPLIST_KEY_UIMainStoryboardFile = Main;
				INFOPLIST_KEY_UISupportedInterfaceOrientations = UIInterfaceOrientationPortrait;
				IPHONEOS_DEPLOYMENT_TARGET = 15.0;
				LD_RUNPATH_SEARCH_PATHS = (
					"$(inherited)",
					"@executable_path/Frameworks",
				);
				MARKETING_VERSION = 1.0;
				PRODUCT_BUNDLE_IDENTIFIER = "com.sesac.SeSAC-SLP";
				PRODUCT_NAME = "$(TARGET_NAME)";
				SWIFT_EMIT_LOC_STRINGS = YES;
				SWIFT_VERSION = 5.0;
				TARGETED_DEVICE_FAMILY = "1,2";
			};
			name = Debug;
		};
		DE0808EC2918D5E0004A1445 /* Release */ = {
			isa = XCBuildConfiguration;
			buildSettings = {
				ASSETCATALOG_COMPILER_APPICON_NAME = AppIcon;
				ASSETCATALOG_COMPILER_GLOBAL_ACCENT_COLOR_NAME = AccentColor;
				CODE_SIGN_STYLE = Automatic;
				CURRENT_PROJECT_VERSION = 1;
				DEVELOPMENT_TEAM = DV7XBU83N5;
				GENERATE_INFOPLIST_FILE = YES;
				INFOPLIST_FILE = "SeSAC SLP/Info.plist";
				INFOPLIST_KEY_UIApplicationSupportsIndirectInputEvents = YES;
				INFOPLIST_KEY_UILaunchStoryboardName = LaunchScreen;
				INFOPLIST_KEY_UIMainStoryboardFile = Main;
				INFOPLIST_KEY_UISupportedInterfaceOrientations = UIInterfaceOrientationPortrait;
				IPHONEOS_DEPLOYMENT_TARGET = 15.0;
				LD_RUNPATH_SEARCH_PATHS = (
					"$(inherited)",
					"@executable_path/Frameworks",
				);
				MARKETING_VERSION = 1.0;
				PRODUCT_BUNDLE_IDENTIFIER = "com.sesac.SeSAC-SLP";
				PRODUCT_NAME = "$(TARGET_NAME)";
				SWIFT_EMIT_LOC_STRINGS = YES;
				SWIFT_VERSION = 5.0;
				TARGETED_DEVICE_FAMILY = "1,2";
			};
			name = Release;
		};
/* End XCBuildConfiguration section */

/* Begin XCConfigurationList section */
		DE0808D12918D5DE004A1445 /* Build configuration list for PBXProject "SeSAC SLP" */ = {
			isa = XCConfigurationList;
			buildConfigurations = (
				DE0808E82918D5E0004A1445 /* Debug */,
				DE0808E92918D5E0004A1445 /* Release */,
			);
			defaultConfigurationIsVisible = 0;
			defaultConfigurationName = Release;
		};
		DE0808EA2918D5E0004A1445 /* Build configuration list for PBXNativeTarget "SeSAC SLP" */ = {
			isa = XCConfigurationList;
			buildConfigurations = (
				DE0808EB2918D5E0004A1445 /* Debug */,
				DE0808EC2918D5E0004A1445 /* Release */,
			);
			defaultConfigurationIsVisible = 0;
			defaultConfigurationName = Release;
		};
/* End XCConfigurationList section */
	};
	rootObject = DE0808CE2918D5DE004A1445 /* Project object */;
}
